Microsoft Visual Studio Solution File, Format Version 12.00
# Visual Studio 15
VisualStudioVersion = 15.0.26124.0
MinimumVisualStudioVersion = 15.0.26124.0
Project("{2150E333-8FDC-42A3-9474-1A3956D46DE8}") = "src", "src", "{F2C8C347-845F-42E4-A702-7381C4B4087F}"
EndProject
Project("{F2A71F9B-5D33-465A-A702-920D77279786}") = "AzureReportingUtils", "src\AzureFunctions\AzureReportingUtils\AzureReportingUtils.fsproj", "{04D58505-239F-44B8-A640-9119134B7A4C}"
EndProject
Project("{F2A71F9B-5D33-465A-A702-920D77279786}") = "Juniper.Tests", "src\Juniper.Tests\Juniper.Tests.fsproj", "{E9C51EC1-5D9B-4326-827A-02147C3FA14D}"
EndProject
Project("{F2A71F9B-5D33-465A-A702-920D77279786}") = "Juniper", "src\Juniper\Juniper.fsproj", "{86B8CA76-141F-4AA1-844C-CF28D54E49F9}"
EndProject
Global
	GlobalSection(SolutionConfigurationPlatforms) = preSolution
		Debug|Any CPU = Debug|Any CPU
		Debug|x64 = Debug|x64
		Debug|x86 = Debug|x86
		Release|Any CPU = Release|Any CPU
		Release|x64 = Release|x64
		Release|x86 = Release|x86
	EndGlobalSection
	GlobalSection(SolutionProperties) = preSolution
		HideSolutionNode = FALSE
	EndGlobalSection
	GlobalSection(ProjectConfigurationPlatforms) = postSolution
		{CE022EB0-A55F-466E-A085-4C328436C8E0}.Debug|Any CPU.ActiveCfg = Debug|Any CPU
		{CE022EB0-A55F-466E-A085-4C328436C8E0}.Debug|Any CPU.Build.0 = Debug|Any CPU
		{CE022EB0-A55F-466E-A085-4C328436C8E0}.Debug|x64.ActiveCfg = Debug|Any CPU
		{CE022EB0-A55F-466E-A085-4C328436C8E0}.Debug|x64.Build.0 = Debug|Any CPU
		{CE022EB0-A55F-466E-A085-4C328436C8E0}.Debug|x86.ActiveCfg = Debug|Any CPU
		{CE022EB0-A55F-466E-A085-4C328436C8E0}.Debug|x86.Build.0 = Debug|Any CPU
		{CE022EB0-A55F-466E-A085-4C328436C8E0}.Release|Any CPU.ActiveCfg = Release|Any CPU
		{CE022EB0-A55F-466E-A085-4C328436C8E0}.Release|Any CPU.Build.0 = Release|Any CPU
		{CE022EB0-A55F-466E-A085-4C328436C8E0}.Release|x64.ActiveCfg = Release|Any CPU
		{CE022EB0-A55F-466E-A085-4C328436C8E0}.Release|x64.Build.0 = Release|Any CPU
		{CE022EB0-A55F-466E-A085-4C328436C8E0}.Release|x86.ActiveCfg = Release|Any CPU
		{CE022EB0-A55F-466E-A085-4C328436C8E0}.Release|x86.Build.0 = Release|Any CPU
		{E9C51EC1-5D9B-4326-827A-02147C3FA14D}.Debug|Any CPU.ActiveCfg = Debug|Any CPU
		{E9C51EC1-5D9B-4326-827A-02147C3FA14D}.Debug|Any CPU.Build.0 = Debug|Any CPU
		{E9C51EC1-5D9B-4326-827A-02147C3FA14D}.Debug|x64.ActiveCfg = Debug|Any CPU
		{E9C51EC1-5D9B-4326-827A-02147C3FA14D}.Debug|x64.Build.0 = Debug|Any CPU
		{E9C51EC1-5D9B-4326-827A-02147C3FA14D}.Debug|x86.ActiveCfg = Debug|Any CPU
		{E9C51EC1-5D9B-4326-827A-02147C3FA14D}.Debug|x86.Build.0 = Debug|Any CPU
		{E9C51EC1-5D9B-4326-827A-02147C3FA14D}.Release|Any CPU.ActiveCfg = Release|Any CPU
		{E9C51EC1-5D9B-4326-827A-02147C3FA14D}.Release|Any CPU.Build.0 = Release|Any CPU
		{E9C51EC1-5D9B-4326-827A-02147C3FA14D}.Release|x64.ActiveCfg = Release|Any CPU
		{E9C51EC1-5D9B-4326-827A-02147C3FA14D}.Release|x64.Build.0 = Release|Any CPU
		{E9C51EC1-5D9B-4326-827A-02147C3FA14D}.Release|x86.ActiveCfg = Release|Any CPU
		{E9C51EC1-5D9B-4326-827A-02147C3FA14D}.Release|x86.Build.0 = Release|Any CPU
		{86B8CA76-141F-4AA1-844C-CF28D54E49F9}.Debug|Any CPU.ActiveCfg = Debug|Any CPU
		{86B8CA76-141F-4AA1-844C-CF28D54E49F9}.Debug|Any CPU.Build.0 = Debug|Any CPU
		{86B8CA76-141F-4AA1-844C-CF28D54E49F9}.Debug|x64.ActiveCfg = Debug|Any CPU
		{86B8CA76-141F-4AA1-844C-CF28D54E49F9}.Debug|x64.Build.0 = Debug|Any CPU
		{86B8CA76-141F-4AA1-844C-CF28D54E49F9}.Debug|x86.ActiveCfg = Debug|Any CPU
		{86B8CA76-141F-4AA1-844C-CF28D54E49F9}.Debug|x86.Build.0 = Debug|Any CPU
		{86B8CA76-141F-4AA1-844C-CF28D54E49F9}.Release|Any CPU.ActiveCfg = Release|Any CPU
		{86B8CA76-141F-4AA1-844C-CF28D54E49F9}.Release|Any CPU.Build.0 = Release|Any CPU
		{86B8CA76-141F-4AA1-844C-CF28D54E49F9}.Release|x64.ActiveCfg = Release|Any CPU
		{86B8CA76-141F-4AA1-844C-CF28D54E49F9}.Release|x64.Build.0 = Release|Any CPU
		{86B8CA76-141F-4AA1-844C-CF28D54E49F9}.Release|x86.ActiveCfg = Release|Any CPU
		{86B8CA76-141F-4AA1-844C-CF28D54E49F9}.Release|x86.Build.0 = Release|Any CPU
	EndGlobalSection
EndGlobal
